
Microsoft Visual Studio Solution File, Format Version 12.00
# Visual Studio 2012
Project("{FAE04EC0-301F-11D3-BF4B-00C04F79EFBC}") = "DataOperations", "LiveDemoCRUD\DataOperations.csproj", "{F846DF0A-B8B6-4E29-9A07-685837042152}"
EndProject
Project("{FAE04EC0-301F-11D3-BF4B-00C04F79EFBC}") = "DataTransfer", "DataTransfer\DataTransfer.csproj", "{9BDF0AFC-DFEE-417F-A05D-4FA2920413A6}"
EndProject
Project("{FAE04EC0-301F-11D3-BF4B-00C04F79EFBC}") = "CrudSoapService", "CrudSoapService\CrudSoapService.csproj", "{0D6B5069-B7FF-4592-BD17-36999D247531}"
EndProject
Project("{FAE04EC0-301F-11D3-BF4B-00C04F79EFBC}") = "SOAPClient", "SOAPClient\SOAPClient.csproj", "{8FCB6886-D04A-4DB3-AE7E-89C76EC0F884}"
	ProjectSection(ProjectDependencies) = postProject
		{0D6B5069-B7FF-4592-BD17-36999D247531} = {0D6B5069-B7FF-4592-BD17-36999D247531}
	EndProjectSection
EndProject
Project("{FAE04EC0-301F-11D3-BF4B-00C04F79EFBC}") = "RestService", "RestService\RestService.csproj", "{F008DE0C-8209-449C-A11A-6656B2D48ADD}"
EndProject
Global
	GlobalSection(SolutionConfigurationPlatforms) = preSolution
		Debug|Any CPU = Debug|Any CPU
		Release|Any CPU = Release|Any CPU
	EndGlobalSection
	GlobalSection(ProjectConfigurationPlatforms) = postSolution
		{F846DF0A-B8B6-4E29-9A07-685837042152}.Debug|Any CPU.ActiveCfg = Debug|Any CPU
		{F846DF0A-B8B6-4E29-9A07-685837042152}.Debug|Any CPU.Build.0 = Debug|Any CPU
		{F846DF0A-B8B6-4E29-9A07-685837042152}.Release|Any CPU.ActiveCfg = Release|Any CPU
		{F846DF0A-B8B6-4E29-9A07-685837042152}.Release|Any CPU.Build.0 = Release|Any CPU
		{9BDF0AFC-DFEE-417F-A05D-4FA2920413A6}.Debug|Any CPU.ActiveCfg = Debug|Any CPU
		{9BDF0AFC-DFEE-417F-A05D-4FA2920413A6}.Debug|Any CPU.Build.0 = Debug|Any CPU
		{9BDF0AFC-DFEE-417F-A05D-4FA2920413A6}.Release|Any CPU.ActiveCfg = Release|Any CPU
		{9BDF0AFC-DFEE-417F-A05D-4FA2920413A6}.Release|Any CPU.Build.0 = Release|Any CPU
		{0D6B5069-B7FF-4592-BD17-36999D247531}.Debug|Any CPU.ActiveCfg = Debug|Any CPU
		{0D6B5069-B7FF-4592-BD17-36999D247531}.Debug|Any CPU.Build.0 = Debug|Any CPU
		{0D6B5069-B7FF-4592-BD17-36999D247531}.Release|Any CPU.ActiveCfg = Release|Any CPU
		{0D6B5069-B7FF-4592-BD17-36999D247531}.Release|Any CPU.Build.0 = Release|Any CPU
		{8FCB6886-D04A-4DB3-AE7E-89C76EC0F884}.Debug|Any CPU.ActiveCfg = Debug|Any CPU
		{8FCB6886-D04A-4DB3-AE7E-89C76EC0F884}.Debug|Any CPU.Build.0 = Debug|Any CPU
		{8FCB6886-D04A-4DB3-AE7E-89C76EC0F884}.Release|Any CPU.ActiveCfg = Release|Any CPU
		{8FCB6886-D04A-4DB3-AE7E-89C76EC0F884}.Release|Any CPU.Build.0 = Release|Any CPU
		{F008DE0C-8209-449C-A11A-6656B2D48ADD}.Debug|Any CPU.ActiveCfg = Debug|Any CPU
		{F008DE0C-8209-449C-A11A-6656B2D48ADD}.Debug|Any CPU.Build.0 = Debug|Any CPU
		{F008DE0C-8209-449C-A11A-6656B2D48ADD}.Release|Any CPU.ActiveCfg = Release|Any CPU
		{F008DE0C-8209-449C-A11A-6656B2D48ADD}.Release|Any CPU.Build.0 = Release|Any CPU
	EndGlobalSection
	GlobalSection(SolutionProperties) = preSolution
		HideSolutionNode = FALSE
	EndGlobalSection
EndGlobal
